
Microsoft Visual Studio Solution File, Format Version 12.00
Project("{FAE04EC0-301F-11D3-BF4B-00C04F79EFBC}") = "Watering.App", "Watering.App\Watering.App.csproj", "{5B7F9BBE-8D74-45A4-9EBB-B5800189A3CE}"
EndProject
Project("{FAE04EC0-301F-11D3-BF4B-00C04F79EFBC}") = "Watering.Core", "Watering.Core\Watering.Core.csproj", "{3A4219E2-D153-4C1D-81B3-7414F9ECF283}"
EndProject
Project("{FAE04EC0-301F-11D3-BF4B-00C04F79EFBC}") = "Watering.Console", "Watering.Console\Watering.Console.csproj", "{9A34E3A7-4DE6-4FE3-9B72-D8843477BD6D}"
EndProject
Global
	GlobalSection(SolutionConfigurationPlatforms) = preSolution
		Debug|Any CPU = Debug|Any CPU
		Release|Any CPU = Release|Any CPU
	EndGlobalSection
	GlobalSection(ProjectConfigurationPlatforms) = postSolution
		{5B7F9BBE-8D74-45A4-9EBB-B5800189A3CE}.Debug|Any CPU.ActiveCfg = Debug|Any CPU
		{5B7F9BBE-8D74-45A4-9EBB-B5800189A3CE}.Debug|Any CPU.Build.0 = Debug|Any CPU
		{5B7F9BBE-8D74-45A4-9EBB-B5800189A3CE}.Release|Any CPU.ActiveCfg = Release|Any CPU
		{5B7F9BBE-8D74-45A4-9EBB-B5800189A3CE}.Release|Any CPU.Build.0 = Release|Any CPU
		{3A4219E2-D153-4C1D-81B3-7414F9ECF283}.Debug|Any CPU.ActiveCfg = Debug|Any CPU
		{3A4219E2-D153-4C1D-81B3-7414F9ECF283}.Debug|Any CPU.Build.0 = Debug|Any CPU
		{3A4219E2-D153-4C1D-81B3-7414F9ECF283}.Release|Any CPU.ActiveCfg = Release|Any CPU
		{3A4219E2-D153-4C1D-81B3-7414F9ECF283}.Release|Any CPU.Build.0 = Release|Any CPU
		{9A34E3A7-4DE6-4FE3-9B72-D8843477BD6D}.Debug|Any CPU.ActiveCfg = Debug|Any CPU
		{9A34E3A7-4DE6-4FE3-9B72-D8843477BD6D}.Debug|Any CPU.Build.0 = Debug|Any CPU
		{9A34E3A7-4DE6-4FE3-9B72-D8843477BD6D}.Release|Any CPU.ActiveCfg = Release|Any CPU
		{9A34E3A7-4DE6-4FE3-9B72-D8843477BD6D}.Release|Any CPU.Build.0 = Release|Any CPU
	EndGlobalSection
EndGlobal
